
Microsoft Visual Studio Solution File, Format Version 12.00
# Visual Studio 15
VisualStudioVersion = 15.0.27703.2042
MinimumVisualStudioVersion = 10.0.40219.1
Project("{FAE04EC0-301F-11D3-BF4B-00C04F79EFBC}") = "DDD.WinForm", "DDD.WinForm\DDD.WinForm.csproj", "{F0DFDD3C-1073-453E-A11A-E5DCAD44B70E}"
EndProject
Project("{FAE04EC0-301F-11D3-BF4B-00C04F79EFBC}") = "DDD.Infrastructure", "DDD.Infrastructure\DDD.Infrastructure.csproj", "{2C3A1AD7-9AC7-4D41-8E8D-8D6C68A8D011}"
EndProject
Project("{FAE04EC0-301F-11D3-BF4B-00C04F79EFBC}") = "DDD.Domain", "DDD.Domain\DDD.Domain.csproj", "{23A5118A-6D8C-4501-94CD-239ACF1D7DF9}"
EndProject
Project("{FAE04EC0-301F-11D3-BF4B-00C04F79EFBC}") = "DDDTest.Tests", "DDDTest.Tests\DDDTest.Tests.csproj", "{82FD2BB7-D1C2-400E-8EF1-15A8EAA76269}"
EndProject
Global
	GlobalSection(SolutionConfigurationPlatforms) = preSolution
		Debug|Any CPU = Debug|Any CPU
		Release|Any CPU = Release|Any CPU
	EndGlobalSection
	GlobalSection(ProjectConfigurationPlatforms) = postSolution
		{F0DFDD3C-1073-453E-A11A-E5DCAD44B70E}.Debug|Any CPU.ActiveCfg = Debug|Any CPU
		{F0DFDD3C-1073-453E-A11A-E5DCAD44B70E}.Debug|Any CPU.Build.0 = Debug|Any CPU
		{F0DFDD3C-1073-453E-A11A-E5DCAD44B70E}.Release|Any CPU.ActiveCfg = Release|Any CPU
		{F0DFDD3C-1073-453E-A11A-E5DCAD44B70E}.Release|Any CPU.Build.0 = Release|Any CPU
		{2C3A1AD7-9AC7-4D41-8E8D-8D6C68A8D011}.Debug|Any CPU.ActiveCfg = Debug|Any CPU
		{2C3A1AD7-9AC7-4D41-8E8D-8D6C68A8D011}.Debug|Any CPU.Build.0 = Debug|Any CPU
		{2C3A1AD7-9AC7-4D41-8E8D-8D6C68A8D011}.Release|Any CPU.ActiveCfg = Release|Any CPU
		{2C3A1AD7-9AC7-4D41-8E8D-8D6C68A8D011}.Release|Any CPU.Build.0 = Release|Any CPU
		{23A5118A-6D8C-4501-94CD-239ACF1D7DF9}.Debug|Any CPU.ActiveCfg = Debug|Any CPU
		{23A5118A-6D8C-4501-94CD-239ACF1D7DF9}.Debug|Any CPU.Build.0 = Debug|Any CPU
		{23A5118A-6D8C-4501-94CD-239ACF1D7DF9}.Release|Any CPU.ActiveCfg = Release|Any CPU
		{23A5118A-6D8C-4501-94CD-239ACF1D7DF9}.Release|Any CPU.Build.0 = Release|Any CPU
		{82FD2BB7-D1C2-400E-8EF1-15A8EAA76269}.Debug|Any CPU.ActiveCfg = Debug|Any CPU
		{82FD2BB7-D1C2-400E-8EF1-15A8EAA76269}.Debug|Any CPU.Build.0 = Debug|Any CPU
		{82FD2BB7-D1C2-400E-8EF1-15A8EAA76269}.Release|Any CPU.ActiveCfg = Release|Any CPU
		{82FD2BB7-D1C2-400E-8EF1-15A8EAA76269}.Release|Any CPU.Build.0 = Release|Any CPU
	EndGlobalSection
	GlobalSection(SolutionProperties) = preSolution
		HideSolutionNode = FALSE
	EndGlobalSection
	GlobalSection(ExtensibilityGlobals) = postSolution
		SolutionGuid = {ED59A215-BD93-429E-B61A-F38EF0B97ACC}
	EndGlobalSection
EndGlobal
